
Microsoft Visual Studio Solution File, Format Version 12.00
# Visual Studio 15
VisualStudioVersion = 15.0.28010.2048
MinimumVisualStudioVersion = 10.0.40219.1
Project("{FAE04EC0-301F-11D3-BF4B-00C04F79EFBC}") = "SnakeMiro", "SnakeMiro\SnakeMiro.csproj", "{34E0AEA8-4C7E-4A96-A7D1-F9A75AA0CC8E}"
EndProject
Project("{FAE04EC0-301F-11D3-BF4B-00C04F79EFBC}") = "SnakeMiroTest", "SnakeMiroTest\SnakeMiroTest.csproj", "{CE23B656-F161-4F5D-97CA-3B1C6BD213C8}"
EndProject
Global
	GlobalSection(SolutionConfigurationPlatforms) = preSolution
		Debug|Any CPU = Debug|Any CPU
		Release|Any CPU = Release|Any CPU
	EndGlobalSection
	GlobalSection(ProjectConfigurationPlatforms) = postSolution
		{34E0AEA8-4C7E-4A96-A7D1-F9A75AA0CC8E}.Debug|Any CPU.ActiveCfg = Debug|Any CPU
		{34E0AEA8-4C7E-4A96-A7D1-F9A75AA0CC8E}.Debug|Any CPU.Build.0 = Debug|Any CPU
		{34E0AEA8-4C7E-4A96-A7D1-F9A75AA0CC8E}.Release|Any CPU.ActiveCfg = Release|Any CPU
		{34E0AEA8-4C7E-4A96-A7D1-F9A75AA0CC8E}.Release|Any CPU.Build.0 = Release|Any CPU
		{CE23B656-F161-4F5D-97CA-3B1C6BD213C8}.Debug|Any CPU.ActiveCfg = Debug|Any CPU
		{CE23B656-F161-4F5D-97CA-3B1C6BD213C8}.Debug|Any CPU.Build.0 = Debug|Any CPU
		{CE23B656-F161-4F5D-97CA-3B1C6BD213C8}.Release|Any CPU.ActiveCfg = Release|Any CPU
		{CE23B656-F161-4F5D-97CA-3B1C6BD213C8}.Release|Any CPU.Build.0 = Release|Any CPU
	EndGlobalSection
	GlobalSection(SolutionProperties) = preSolution
		HideSolutionNode = FALSE
	EndGlobalSection
	GlobalSection(ExtensibilityGlobals) = postSolution
		SolutionGuid = {53EAE860-9C42-46BB-9D42-E509FE598F61}
	EndGlobalSection
EndGlobal
